PODS:
  - Alamofire (3.1.4)
  - Bolts (1.5.0):
    - Bolts/AppLinks (= 1.5.0)
    - Bolts/Tasks (= 1.5.0)
  - Bolts/AppLinks (1.5.0):
    - Bolts/Tasks
  - Bolts/Tasks (1.5.0)
  - Crashlytics (3.4.1):
    - Fabric (~> 1.6.0)
  - Fabric (1.6.1)
  - SRGAppVerWatcher (0.0.2)

DEPENDENCIES:
  - Alamofire
  - Bolts
  - Crashlytics
  - Fabric
  - SRGAppVerWatcher

SPEC CHECKSUMS:
  Alamofire: fbc829692f351fa1d8a31dd75fd7f7f56fea31fb
  Bolts: 722ab9a4f8b50fc4ed1b9998a5a7a2b3f16d80b4
  Crashlytics: 41574a245bc6ae10c55d57f385ebd2004e5bee05
  Fabric: bf0ceb04e7c924090efc5f8c55e4fbcca189e0a0
  SRGAppVerWatcher: 3823172b8b4de77ecc4ca542bbb0a1fcc13742c8

COCOAPODS: 0.39.0
