// !$*UTF8*$!
{
	archiveVersion = 1;
	classes = {
	};
	objectVersion = 46;
	objects = {

/* Begin PBXBuildFile section */
		42165D121AA2F0EB001EC0F5 /* GlyphGenerator.swift in Sources */ = {isa = PBXBuildFile; fileRef = 42165D111AA2F0EB001EC0F5 /* GlyphGenerator.swift */; };
		421D401F1ACBE921001FDB41 /* ScoreScene.swift in Sources */ = {isa = PBXBuildFile; fileRef = 421D401E1ACBE921001FDB41 /* ScoreScene.swift */; };
		421D40211ACBF239001FDB41 /* GlyphScore.swift in Sources */ = {isa = PBXBuildFile; fileRef = 421D40201ACBF239001FDB41 /* GlyphScore.swift */; };
		421D40231ACBFF90001FDB41 /* GeneralLabelNode.swift in Sources */ = {isa = PBXBuildFile; fileRef = 421D40221ACBFF90001FDB41 /* GeneralLabelNode.swift */; };
		421D40251ACCF9E5001FDB41 /* GameKit.framework in Frameworks */ = {isa = PBXBuildFile; fileRef = 421D40241ACCF9E5001FDB41 /* GameKit.framework */; };
		423259E51AC3A4A3004726FF /* Glyph.swift in Sources */ = {isa = PBXBuildFile; fileRef = 42F4FC181A99BA0100833C21 /* Glyph.swift */; };
		423259E71AC3A89F004726FF /* GlyphGenerator.swift in Sources */ = {isa = PBXBuildFile; fileRef = 42165D111AA2F0EB001EC0F5 /* GlyphGenerator.swift */; };
		423259E81AC3E4CE004726FF /* Log.swift in Sources */ = {isa = PBXBuildFile; fileRef = 42D559A21A9895D70091A490 /* Log.swift */; };
		423259EA1AC42437004726FF /* GlyphSequenceProvider.swift in Sources */ = {isa = PBXBuildFile; fileRef = 423259E91AC42437004726FF /* GlyphSequenceProvider.swift */; };
		423481241C25BF6E00692E59 /* GlyphFetcher.swift in Sources */ = {isa = PBXBuildFile; fileRef = 42F6F0341B837390001E4CA1 /* GlyphFetcher.swift */; };
		425882581AC676A200219E0C /* NodeUtility.swift in Sources */ = {isa = PBXBuildFile; fileRef = 425882571AC676A200219E0C /* NodeUtility.swift */; };
		426B31491AC5810D003AA565 /* GlyphSequenceProvider.swift in Sources */ = {isa = PBXBuildFile; fileRef = 423259E91AC42437004726FF /* GlyphSequenceProvider.swift */; };
		426B31521AC65E23003AA565 /* GlyphViewController.swift in Sources */ = {isa = PBXBuildFile; fileRef = 426B314D1AC65E23003AA565 /* GlyphViewController.swift */; };
		426B31531AC65E23003AA565 /* spark.png in Resources */ = {isa = PBXBuildFile; fileRef = 426B314E1AC65E23003AA565 /* spark.png */; };
		426B31541AC65E23003AA565 /* GlyphParticle.sks in Resources */ = {isa = PBXBuildFile; fileRef = 426B314F1AC65E23003AA565 /* GlyphParticle.sks */; };
		426B31561AC65E39003AA565 /* GlyphView.swift in Sources */ = {isa = PBXBuildFile; fileRef = 426B31551AC65E39003AA565 /* GlyphView.swift */; };
		426B31581AC65EFA003AA565 /* RootNode.swift in Sources */ = {isa = PBXBuildFile; fileRef = 426B31571AC65EFA003AA565 /* RootNode.swift */; };
		426F89F21ACD863A0085DA5B /* SelectableLabelNode.swift in Sources */ = {isa = PBXBuildFile; fileRef = 426F89F11ACD863A0085DA5B /* SelectableLabelNode.swift */; };
		426F89F41AD00AF80085DA5B /* ActionUtility.swift in Sources */ = {isa = PBXBuildFile; fileRef = 426F89F31AD00AF80085DA5B /* ActionUtility.swift */; };
		4276E9891AC79C6400F3DFB2 /* GlyphConfiguration.swift in Sources */ = {isa = PBXBuildFile; fileRef = 4276E9881AC79C6400F3DFB2 /* GlyphConfiguration.swift */; };
		4276E98B1AC7BBC300F3DFB2 /* iAd.framework in Frameworks */ = {isa = PBXBuildFile; fileRef = 4276E98A1AC7BBC300F3DFB2 /* iAd.framework */; };
		4276E9901AC8035600F3DFB2 /* GlyphScene.swift in Sources */ = {isa = PBXBuildFile; fileRef = 4276E98E1AC8035600F3DFB2 /* GlyphScene.swift */; };
		4276E9921AC803BB00F3DFB2 /* HomeScene.swift in Sources */ = {isa = PBXBuildFile; fileRef = 4276E9911AC803BB00F3DFB2 /* HomeScene.swift */; };
		4276E9941AC9571D00F3DFB2 /* ResultScene.swift in Sources */ = {isa = PBXBuildFile; fileRef = 4276E9931AC9571D00F3DFB2 /* ResultScene.swift */; };
		4276E9981AC959BD00F3DFB2 /* CountDownLabelNode.swift in Sources */ = {isa = PBXBuildFile; fileRef = 4276E9971AC959BD00F3DFB2 /* CountDownLabelNode.swift */; };
		4276E99C1ACAA68F00F3DFB2 /* DrawingParticle.sks in Resources */ = {isa = PBXBuildFile; fileRef = 4276E99B1ACAA68F00F3DFB2 /* DrawingParticle.sks */; };
		4276E99E1ACBA39300F3DFB2 /* ResultNode.swift in Sources */ = {isa = PBXBuildFile; fileRef = 4276E99D1ACBA39300F3DFB2 /* ResultNode.swift */; };
		42B6D5E01AED4B030080DF43 /* Crashlytics.framework in Frameworks */ = {isa = PBXBuildFile; fileRef = 42B6D5DE1AED4B030080DF43 /* Crashlytics.framework */; };
		42B6D5E11AED4B030080DF43 /* Fabric.framework in Frameworks */ = {isa = PBXBuildFile; fileRef = 42B6D5DF1AED4B030080DF43 /* Fabric.framework */; };
		42CC4FBD1B231A9800C86C1F /* SettingViewController.swift in Sources */ = {isa = PBXBuildFile; fileRef = 42CC4FBC1B231A9800C86C1F /* SettingViewController.swift */; };
		42CC4FBF1B231AB300C86C1F /* SettingViewController.storyboard in Resources */ = {isa = PBXBuildFile; fileRef = 42CC4FBE1B231AB300C86C1F /* SettingViewController.storyboard */; };
		42CC4FC11B2342E500C86C1F /* SettingTableViewCell.xib in Resources */ = {isa = PBXBuildFile; fileRef = 42CC4FC01B2342E500C86C1F /* SettingTableViewCell.xib */; };
		42CC4FC31B23447C00C86C1F /* SettingTableViewCell.swift in Sources */ = {isa = PBXBuildFile; fileRef = 42CC4FC21B23447C00C86C1F /* SettingTableViewCell.swift */; };
		42CC4FC51B235B7D00C86C1F /* LevelSelectView.swift in Sources */ = {isa = PBXBuildFile; fileRef = 42CC4FC41B235B7D00C86C1F /* LevelSelectView.swift */; };
		42CC4FC71B235B9700C86C1F /* LevelSelectView.xib in Resources */ = {isa = PBXBuildFile; fileRef = 42CC4FC61B235B9700C86C1F /* LevelSelectView.xib */; };
		42CC4FDD1B2B2EBA00C86C1F /* items.json in Resources */ = {isa = PBXBuildFile; fileRef = 42CC4FD71B2B2EBA00C86C1F /* items.json */; };
		42CC4FDE1B2B2EBA00C86C1F /* sequence_01.json in Resources */ = {isa = PBXBuildFile; fileRef = 42CC4FD81B2B2EBA00C86C1F /* sequence_01.json */; };
		42CC4FDF1B2B2EBA00C86C1F /* sequence_02.json in Resources */ = {isa = PBXBuildFile; fileRef = 42CC4FD91B2B2EBA00C86C1F /* sequence_02.json */; };
		42CC4FE01B2B2EBA00C86C1F /* sequence_03.json in Resources */ = {isa = PBXBuildFile; fileRef = 42CC4FDA1B2B2EBA00C86C1F /* sequence_03.json */; };
		42CC4FE11B2B2EBA00C86C1F /* sequence_04.json in Resources */ = {isa = PBXBuildFile; fileRef = 42CC4FDB1B2B2EBA00C86C1F /* sequence_04.json */; };
		42CC4FE21B2B2EBA00C86C1F /* sequence_05.json in Resources */ = {isa = PBXBuildFile; fileRef = 42CC4FDC1B2B2EBA00C86C1F /* sequence_05.json */; };
		42CDD0C21A7CFC10001FFC1F /* AppDelegate.swift in Sources */ = {isa = PBXBuildFile; fileRef = 42CDD0C11A7CFC10001FFC1F /* AppDelegate.swift */; };
		42CDD0CB1A7CFC10001FFC1F /* Main.storyboard in Resources */ = {isa = PBXBuildFile; fileRef = 42CDD0C91A7CFC10001FFC1F /* Main.storyboard */; };
		42CDD0CD1A7CFC10001FFC1F /* Images.xcassets in Resources */ = {isa = PBXBuildFile; fileRef = 42CDD0CC1A7CFC10001FFC1F /* Images.xcassets */; };
		42CDD0D01A7CFC10001FFC1F /* LaunchScreen.xib in Resources */ = {isa = PBXBuildFile; fileRef = 42CDD0CE1A7CFC10001FFC1F /* LaunchScreen.xib */; };
		42CDD0DC1A7CFC11001FFC1F /* GlyphHackPracticeTests.swift in Sources */ = {isa = PBXBuildFile; fileRef = 42CDD0DB1A7CFC11001FFC1F /* GlyphHackPracticeTests.swift */; };
		42CDD0E61A7CFEA0001FFC1F /* GlyphHackVertex.swift in Sources */ = {isa = PBXBuildFile; fileRef = 42CDD0E51A7CFEA0001FFC1F /* GlyphHackVertex.swift */; };
		42D559A31A9895D70091A490 /* Log.swift in Sources */ = {isa = PBXBuildFile; fileRef = 42D559A21A9895D70091A490 /* Log.swift */; };
		42F4FC191A99BA0100833C21 /* Glyph.swift in Sources */ = {isa = PBXBuildFile; fileRef = 42F4FC181A99BA0100833C21 /* Glyph.swift */; };
		42F6F0351B837390001E4CA1 /* GlyphFetcher.swift in Sources */ = {isa = PBXBuildFile; fileRef = 42F6F0341B837390001E4CA1 /* GlyphFetcher.swift */; };
		91A8D0566E4BD8A14BD902A6 /* Pods.framework in Frameworks */ = {isa = PBXBuildFile; fileRef = 70F850603CFA48505E8E3F4A /* Pods.framework */; };
/* End PBXBuildFile section */

/* Begin PBXContainerItemProxy section */
		42CDD0D61A7CFC10001FFC1F /* PBXContainerItemProxy */ = {
			isa = PBXContainerItemProxy;
			containerPortal = 42CDD0B41A7CFC10001FFC1F /* Project object */;
			proxyType = 1;
			remoteGlobalIDString = 42CDD0BB1A7CFC10001FFC1F;
			remoteInfo = GlyphHackPractice;
		};
/* End PBXContainerItemProxy section */

/* Begin PBXFileReference section */
		42165D111AA2F0EB001EC0F5 /* GlyphGenerator.swift */ = {isa = PBXFileReference; fileEncoding = 4; lastKnownFileType = sourcecode.swift; path = GlyphGenerator.swift; sourceTree = "<group>"; };
		421D401E1ACBE921001FDB41 /* ScoreScene.swift */ = {isa = PBXFileReference; fileEncoding = 4; lastKnownFileType = sourcecode.swift; path = ScoreScene.swift; sourceTree = "<group>"; };
		421D40201ACBF239001FDB41 /* GlyphScore.swift */ = {isa = PBXFileReference; fileEncoding = 4; lastKnownFileType = sourcecode.swift; path = GlyphScore.swift; sourceTree = "<group>"; };
		421D40221ACBFF90001FDB41 /* GeneralLabelNode.swift */ = {isa = PBXFileReference; fileEncoding = 4; lastKnownFileType = sourcecode.swift; name = GeneralLabelNode.swift; path = Node/GeneralLabelNode.swift; sourceTree = "<group>"; };
		421D40241ACCF9E5001FDB41 /* GameKit.framework */ = {isa = PBXFileReference; lastKnownFileType = wrapper.framework; name = GameKit.framework; path = System/Library/Frameworks/GameKit.framework; sourceTree = SDKROOT; };
		423259E91AC42437004726FF /* GlyphSequenceProvider.swift */ = {isa = PBXFileReference; fileEncoding = 4; lastKnownFileType = sourcecode.swift; path = GlyphSequenceProvider.swift; sourceTree = "<group>"; };
		425882571AC676A200219E0C /* NodeUtility.swift */ = {isa = PBXFileReference; fileEncoding = 4; lastKnownFileType = sourcecode.swift; name = NodeUtility.swift; path = Node/NodeUtility.swift; sourceTree = "<group>"; };
		426B314D1AC65E23003AA565 /* GlyphViewController.swift */ = {isa = PBXFileReference; fileEncoding = 4; lastKnownFileType = sourcecode.swift; path = GlyphViewController.swift; sourceTree = "<group>"; };
		426B314E1AC65E23003AA565 /* spark.png */ = {isa = PBXFileReference; lastKnownFileType = image.png; path = spark.png; sourceTree = "<group>"; };
		426B314F1AC65E23003AA565 /* GlyphParticle.sks */ = {isa = PBXFileReference; lastKnownFileType = file.sks; path = GlyphParticle.sks; sourceTree = "<group>"; };
		426B31551AC65E39003AA565 /* GlyphView.swift */ = {isa = PBXFileReference; fileEncoding = 4; lastKnownFileType = sourcecode.swift; path = GlyphView.swift; sourceTree = "<group>"; };
		426B31571AC65EFA003AA565 /* RootNode.swift */ = {isa = PBXFileReference; fileEncoding = 4; lastKnownFileType = sourcecode.swift; name = RootNode.swift; path = Node/RootNode.swift; sourceTree = "<group>"; };
		426F89F11ACD863A0085DA5B /* SelectableLabelNode.swift */ = {isa = PBXFileReference; fileEncoding = 4; lastKnownFileType = sourcecode.swift; name = SelectableLabelNode.swift; path = Node/SelectableLabelNode.swift; sourceTree = "<group>"; };
		426F89F31AD00AF80085DA5B /* ActionUtility.swift */ = {isa = PBXFileReference; fileEncoding = 4; lastKnownFileType = sourcecode.swift; name = ActionUtility.swift; path = UI/Scene/ActionUtility.swift; sourceTree = "<group>"; };
		4276E9881AC79C6400F3DFB2 /* GlyphConfiguration.swift */ = {isa = PBXFileReference; fileEncoding = 4; lastKnownFileType = sourcecode.swift; path = GlyphConfiguration.swift; sourceTree = "<group>"; };
		4276E98A1AC7BBC300F3DFB2 /* iAd.framework */ = {isa = PBXFileReference; lastKnownFileType = wrapper.framework; name = iAd.framework; path = System/Library/Frameworks/iAd.framework; sourceTree = SDKROOT; };
		4276E98E1AC8035600F3DFB2 /* GlyphScene.swift */ = {isa = PBXFileReference; fileEncoding = 4; lastKnownFileType = sourcecode.swift; path = GlyphScene.swift; sourceTree = "<group>"; };
		4276E9911AC803BB00F3DFB2 /* HomeScene.swift */ = {isa = PBXFileReference; fileEncoding = 4; lastKnownFileType = sourcecode.swift; path = HomeScene.swift; sourceTree = "<group>"; };
		4276E9931AC9571D00F3DFB2 /* ResultScene.swift */ = {isa = PBXFileReference; fileEncoding = 4; lastKnownFileType = sourcecode.swift; path = ResultScene.swift; sourceTree = "<group>"; };
		4276E9971AC959BD00F3DFB2 /* CountDownLabelNode.swift */ = {isa = PBXFileReference; fileEncoding = 4; lastKnownFileType = sourcecode.swift; name = CountDownLabelNode.swift; path = Node/CountDownLabelNode.swift; sourceTree = "<group>"; };
		4276E99B1ACAA68F00F3DFB2 /* DrawingParticle.sks */ = {isa = PBXFileReference; lastKnownFileType = file.sks; path = DrawingParticle.sks; sourceTree = "<group>"; };
		4276E99D1ACBA39300F3DFB2 /* ResultNode.swift */ = {isa = PBXFileReference; fileEncoding = 4; lastKnownFileType = sourcecode.swift; name = ResultNode.swift; path = Node/ResultNode.swift; sourceTree = "<group>"; };
		42B6D5DE1AED4B030080DF43 /* Crashlytics.framework */ = {isa = PBXFileReference; lastKnownFileType = wrapper.framework; path = Crashlytics.framework; sourceTree = "<group>"; };
		42B6D5DF1AED4B030080DF43 /* Fabric.framework */ = {isa = PBXFileReference; lastKnownFileType = wrapper.framework; path = Fabric.framework; sourceTree = "<group>"; };
		42CC4FBB1B22F8F000C86C1F /* GlyphHackPractice-Bridging-Header.h */ = {isa = PBXFileReference; lastKnownFileType = sourcecode.c.h; path = "GlyphHackPractice-Bridging-Header.h"; sourceTree = "<group>"; };
		42CC4FBC1B231A9800C86C1F /* SettingViewController.swift */ = {isa = PBXFileReference; fileEncoding = 4; lastKnownFileType = sourcecode.swift; path = SettingViewController.swift; sourceTree = "<group>"; };
		42CC4FBE1B231AB300C86C1F /* SettingViewController.storyboard */ = {isa = PBXFileReference; fileEncoding = 4; lastKnownFileType = file.storyboard; path = SettingViewController.storyboard; sourceTree = "<group>"; };
		42CC4FC01B2342E500C86C1F /* SettingTableViewCell.xib */ = {isa = PBXFileReference; fileEncoding = 4; lastKnownFileType = file.xib; path = SettingTableViewCell.xib; sourceTree = "<group>"; };
		42CC4FC21B23447C00C86C1F /* SettingTableViewCell.swift */ = {isa = PBXFileReference; fileEncoding = 4; lastKnownFileType = sourcecode.swift; path = SettingTableViewCell.swift; sourceTree = "<group>"; };
		42CC4FC41B235B7D00C86C1F /* LevelSelectView.swift */ = {isa = PBXFileReference; fileEncoding = 4; lastKnownFileType = sourcecode.swift; path = LevelSelectView.swift; sourceTree = "<group>"; };
		42CC4FC61B235B9700C86C1F /* LevelSelectView.xib */ = {isa = PBXFileReference; fileEncoding = 4; lastKnownFileType = file.xib; path = LevelSelectView.xib; sourceTree = "<group>"; };
		42CC4FD71B2B2EBA00C86C1F /* items.json */ = {isa = PBXFileReference; fileEncoding = 4; lastKnownFileType = text.json; path = items.json; sourceTree = "<group>"; };
		42CC4FD81B2B2EBA00C86C1F /* sequence_01.json */ = {isa = PBXFileReference; fileEncoding = 4; lastKnownFileType = text.json; path = sequence_01.json; sourceTree = "<group>"; };
		42CC4FD91B2B2EBA00C86C1F /* sequence_02.json */ = {isa = PBXFileReference; fileEncoding = 4; lastKnownFileType = text.json; path = sequence_02.json; sourceTree = "<group>"; };
		42CC4FDA1B2B2EBA00C86C1F /* sequence_03.json */ = {isa = PBXFileReference; fileEncoding = 4; lastKnownFileType = text.json; path = sequence_03.json; sourceTree = "<group>"; };
		42CC4FDB1B2B2EBA00C86C1F /* sequence_04.json */ = {isa = PBXFileReference; fileEncoding = 4; lastKnownFileType = text.json; path = sequence_04.json; sourceTree = "<group>"; };
		42CC4FDC1B2B2EBA00C86C1F /* sequence_05.json */ = {isa = PBXFileReference; fileEncoding = 4; lastKnownFileType = text.json; path = sequence_05.json; sourceTree = "<group>"; };
		42CDD0BC1A7CFC10001FFC1F /* GlyphHackPractice.app */ = {isa = PBXFileReference; explicitFileType = wrapper.application; includeInIndex = 0; path = GlyphHackPractice.app; sourceTree = BUILT_PRODUCTS_DIR; };
		42CDD0C01A7CFC10001FFC1F /* Info.plist */ = {isa = PBXFileReference; lastKnownFileType = text.plist.xml; path = Info.plist; sourceTree = "<group>"; };
		42CDD0C11A7CFC10001FFC1F /* AppDelegate.swift */ = {isa = PBXFileReference; lastKnownFileType = sourcecode.swift; path = AppDelegate.swift; sourceTree = "<group>"; };
		42CDD0CA1A7CFC10001FFC1F /* Base */ = {isa = PBXFileReference; lastKnownFileType = file.storyboard; name = Base; path = Base.lproj/Main.storyboard; sourceTree = "<group>"; };
		42CDD0CC1A7CFC10001FFC1F /* Images.xcassets */ = {isa = PBXFileReference; lastKnownFileType = folder.assetcatalog; path = Images.xcassets; sourceTree = "<group>"; };
		42CDD0CF1A7CFC10001FFC1F /* Base */ = {isa = PBXFileReference; lastKnownFileType = file.xib; name = Base; path = Base.lproj/LaunchScreen.xib; sourceTree = "<group>"; };
		42CDD0D51A7CFC10001FFC1F /* GlyphHackPracticeTests.xctest */ = {isa = PBXFileReference; explicitFileType = wrapper.cfbundle; includeInIndex = 0; path = GlyphHackPracticeTests.xctest; sourceTree = BUILT_PRODUCTS_DIR; };
		42CDD0DA1A7CFC10001FFC1F /* Info.plist */ = {isa = PBXFileReference; lastKnownFileType = text.plist.xml; path = Info.plist; sourceTree = "<group>"; };
		42CDD0DB1A7CFC11001FFC1F /* GlyphHackPracticeTests.swift */ = {isa = PBXFileReference; lastKnownFileType = sourcecode.swift; path = GlyphHackPracticeTests.swift; sourceTree = "<group>"; };
		42CDD0E51A7CFEA0001FFC1F /* GlyphHackVertex.swift */ = {isa = PBXFileReference; fileEncoding = 4; lastKnownFileType = sourcecode.swift; name = GlyphHackVertex.swift; path = Node/GlyphHackVertex.swift; sourceTree = "<group>"; };
		42D559A21A9895D70091A490 /* Log.swift */ = {isa = PBXFileReference; fileEncoding = 4; lastKnownFileType = sourcecode.swift; path = Log.swift; sourceTree = "<group>"; };
		42F4FC181A99BA0100833C21 /* Glyph.swift */ = {isa = PBXFileReference; fileEncoding = 4; lastKnownFileType = sourcecode.swift; path = Glyph.swift; sourceTree = "<group>"; };
		42F6F0341B837390001E4CA1 /* GlyphFetcher.swift */ = {isa = PBXFileReference; fileEncoding = 4; lastKnownFileType = sourcecode.swift; name = GlyphFetcher.swift; path = Client/GlyphFetcher.swift; sourceTree = "<group>"; };
		70F850603CFA48505E8E3F4A /* Pods.framework */ = {isa = PBXFileReference; explicitFileType = wrapper.framework; includeInIndex = 0; path = Pods.framework; sourceTree = BUILT_PRODUCTS_DIR; };
		CAF973F08F2BD924C4DBF956 /* Pods.debug.xcconfig */ = {isa = PBXFileReference; includeInIndex = 1; lastKnownFileType = text.xcconfig; name = Pods.debug.xcconfig; path = "Pods/Target Support Files/Pods/Pods.debug.xcconfig"; sourceTree = "<group>"; };
		DD8A13EC9363B1DA0392931E /* Pods.release.xcconfig */ = {isa = PBXFileReference; includeInIndex = 1; lastKnownFileType = text.xcconfig; name = Pods.release.xcconfig; path = "Pods/Target Support Files/Pods/Pods.release.xcconfig"; sourceTree = "<group>"; };
/* End PBXFileReference section */

/* Begin PBXFrameworksBuildPhase section */
		42CDD0B91A7CFC10001FFC1F /* Frameworks */ = {
			isa = PBXFrameworksBuildPhase;
			buildActionMask = 2147483647;
			files = (
				421D40251ACCF9E5001FDB41 /* GameKit.framework in Frameworks */,
				42B6D5E01AED4B030080DF43 /* Crashlytics.framework in Frameworks */,
				4276E98B1AC7BBC300F3DFB2 /* iAd.framework in Frameworks */,
				42B6D5E11AED4B030080DF43 /* Fabric.framework in Frameworks */,
				91A8D0566E4BD8A14BD902A6 /* Pods.framework in Frameworks */,
			);
			runOnlyForDeploymentPostprocessing = 0;
		};
		42CDD0D21A7CFC10001FFC1F /* Frameworks */ = {
			isa = PBXFrameworksBuildPhase;
			buildActionMask = 2147483647;
			files = (
			);
			runOnlyForDeploymentPostprocessing = 0;
		};
/* End PBXFrameworksBuildPhase section */

/* Begin PBXGroup section */
		0DC0EE22278664336D33C5E0 /* Frameworks */ = {
			isa = PBXGroup;
			children = (
				70F850603CFA48505E8E3F4A /* Pods.framework */,
			);
			name = Frameworks;
			sourceTree = "<group>";
		};
		426B314A1AC65E23003AA565 /* UI */ = {
			isa = PBXGroup;
			children = (
				4276E98C1AC8035600F3DFB2 /* Scene */,
				426B314D1AC65E23003AA565 /* GlyphViewController.swift */,
				426B314E1AC65E23003AA565 /* spark.png */,
				426B314F1AC65E23003AA565 /* GlyphParticle.sks */,
				426B31551AC65E39003AA565 /* GlyphView.swift */,
				4276E99B1ACAA68F00F3DFB2 /* DrawingParticle.sks */,
				42CC4FBC1B231A9800C86C1F /* SettingViewController.swift */,
				42CC4FBE1B231AB300C86C1F /* SettingViewController.storyboard */,
				42CC4FC01B2342E500C86C1F /* SettingTableViewCell.xib */,
				42CC4FC21B23447C00C86C1F /* SettingTableViewCell.swift */,
				42CC4FC41B235B7D00C86C1F /* LevelSelectView.swift */,
				42CC4FC61B235B9700C86C1F /* LevelSelectView.xib */,
			);
			path = UI;
			sourceTree = "<group>";
		};
		4272326E1B1F43D600DC1346 /* Utility */ = {
			isa = PBXGroup;
			children = (
				426F89F31AD00AF80085DA5B /* ActionUtility.swift */,
			);
			name = Utility;
			sourceTree = "<group>";
		};
		4276E98C1AC8035600F3DFB2 /* Scene */ = {
			isa = PBXGroup;
			children = (
				4276E98E1AC8035600F3DFB2 /* GlyphScene.swift */,
				4276E9911AC803BB00F3DFB2 /* HomeScene.swift */,
				4276E9931AC9571D00F3DFB2 /* ResultScene.swift */,
				421D401E1ACBE921001FDB41 /* ScoreScene.swift */,
			);
			path = Scene;
			sourceTree = "<group>";
		};
		42CC4FD61B2B2EBA00C86C1F /* Resources */ = {
			isa = PBXGroup;
			children = (
				42CC4FD71B2B2EBA00C86C1F /* items.json */,
				42CC4FD81B2B2EBA00C86C1F /* sequence_01.json */,
				42CC4FD91B2B2EBA00C86C1F /* sequence_02.json */,
				42CC4FDA1B2B2EBA00C86C1F /* sequence_03.json */,
				42CC4FDB1B2B2EBA00C86C1F /* sequence_04.json */,
				42CC4FDC1B2B2EBA00C86C1F /* sequence_05.json */,
			);
			path = Resources;
			sourceTree = "<group>";
		};
		42CDD0B31A7CFC10001FFC1F = {
			isa = PBXGroup;
			children = (
				42B6D5DE1AED4B030080DF43 /* Crashlytics.framework */,
				42B6D5DF1AED4B030080DF43 /* Fabric.framework */,
				421D40241ACCF9E5001FDB41 /* GameKit.framework */,
				4276E98A1AC7BBC300F3DFB2 /* iAd.framework */,
				42CDD0BE1A7CFC10001FFC1F /* GlyphHackPractice */,
				42CDD0D81A7CFC10001FFC1F /* GlyphHackPracticeTests */,
				42CDD0BD1A7CFC10001FFC1F /* Products */,
				C4D3B633DC357C9D06E4CD9F /* Pods */,
				0DC0EE22278664336D33C5E0 /* Frameworks */,
			);
			sourceTree = "<group>";
		};
		42CDD0BD1A7CFC10001FFC1F /* Products */ = {
			isa = PBXGroup;
			children = (
				42CDD0BC1A7CFC10001FFC1F /* GlyphHackPractice.app */,
				42CDD0D51A7CFC10001FFC1F /* GlyphHackPracticeTests.xctest */,
			);
			name = Products;
			sourceTree = "<group>";
		};
		42CDD0BE1A7CFC10001FFC1F /* GlyphHackPractice */ = {
			isa = PBXGroup;
			children = (
				42F6F0311B8372DB001E4CA1 /* Client */,
				42CC4FD61B2B2EBA00C86C1F /* Resources */,
				4272326E1B1F43D600DC1346 /* Utility */,
				426B314A1AC65E23003AA565 /* UI */,
				42F4FC171A99BA0100833C21 /* Glyph */,
				42CDD0E71A7D052C001FFC1F /* Node */,
				42CDD0C11A7CFC10001FFC1F /* AppDelegate.swift */,
				42CDD0C91A7CFC10001FFC1F /* Main.storyboard */,
				42CDD0CC1A7CFC10001FFC1F /* Images.xcassets */,
				42CDD0CE1A7CFC10001FFC1F /* LaunchScreen.xib */,
				42CDD0BF1A7CFC10001FFC1F /* Supporting Files */,
				42D559A21A9895D70091A490 /* Log.swift */,
				42CC4FBB1B22F8F000C86C1F /* GlyphHackPractice-Bridging-Header.h */,
			);
			path = GlyphHackPractice;
			sourceTree = "<group>";
		};
		42CDD0BF1A7CFC10001FFC1F /* Supporting Files */ = {
			isa = PBXGroup;
			children = (
				42CDD0C01A7CFC10001FFC1F /* Info.plist */,
			);
			name = "Supporting Files";
			sourceTree = "<group>";
		};
		42CDD0D81A7CFC10001FFC1F /* GlyphHackPracticeTests */ = {
			isa = PBXGroup;
			children = (
				42CDD0DB1A7CFC11001FFC1F /* GlyphHackPracticeTests.swift */,
				42CDD0D91A7CFC10001FFC1F /* Supporting Files */,
			);
			path = GlyphHackPracticeTests;
			sourceTree = "<group>";
		};
		42CDD0D91A7CFC10001FFC1F /* Supporting Files */ = {
			isa = PBXGroup;
			children = (
				42CDD0DA1A7CFC10001FFC1F /* Info.plist */,
			);
			name = "Supporting Files";
			sourceTree = "<group>";
		};
		42CDD0E71A7D052C001FFC1F /* Node */ = {
			isa = PBXGroup;
			children = (
				4276E9971AC959BD00F3DFB2 /* CountDownLabelNode.swift */,
				426B31571AC65EFA003AA565 /* RootNode.swift */,
				42CDD0E51A7CFEA0001FFC1F /* GlyphHackVertex.swift */,
				425882571AC676A200219E0C /* NodeUtility.swift */,
				4276E99D1ACBA39300F3DFB2 /* ResultNode.swift */,
				421D40221ACBFF90001FDB41 /* GeneralLabelNode.swift */,
				426F89F11ACD863A0085DA5B /* SelectableLabelNode.swift */,
			);
			name = Node;
			sourceTree = "<group>";
		};
		42F4FC171A99BA0100833C21 /* Glyph */ = {
			isa = PBXGroup;
			children = (
				42F4FC181A99BA0100833C21 /* Glyph.swift */,
				42165D111AA2F0EB001EC0F5 /* GlyphGenerator.swift */,
				423259E91AC42437004726FF /* GlyphSequenceProvider.swift */,
				4276E9881AC79C6400F3DFB2 /* GlyphConfiguration.swift */,
				421D40201ACBF239001FDB41 /* GlyphScore.swift */,
			);
			path = Glyph;
			sourceTree = "<group>";
		};
		42F6F0311B8372DB001E4CA1 /* Client */ = {
			isa = PBXGroup;
			children = (
				42F6F0341B837390001E4CA1 /* GlyphFetcher.swift */,
			);
			name = Client;
			sourceTree = "<group>";
		};
		C4D3B633DC357C9D06E4CD9F /* Pods */ = {
			isa = PBXGroup;
			children = (
				CAF973F08F2BD924C4DBF956 /* Pods.debug.xcconfig */,
				DD8A13EC9363B1DA0392931E /* Pods.release.xcconfig */,
			);
			name = Pods;
			sourceTree = "<group>";
		};
/* End PBXGroup section */

/* Begin PBXNativeTarget section */
		42CDD0BB1A7CFC10001FFC1F /* GlyphHackPractice */ = {
			isa = PBXNativeTarget;
			buildConfigurationList = 42CDD0DF1A7CFC11001FFC1F /* Build configuration list for PBXNativeTarget "GlyphHackPractice" */;
			buildPhases = (
				3A86169A3DA22B6204836042 /* Check Pods Manifest.lock */,
				42CC4FC81B24326D00C86C1F /* Increment Build Number */,
				42CDD0B81A7CFC10001FFC1F /* Sources */,
				42CDD0B91A7CFC10001FFC1F /* Frameworks */,
				42CDD0BA1A7CFC10001FFC1F /* Resources */,
				42B6D5DD1AED4ADC0080DF43 /* ShellScript */,
				E37158A8E9D6BF1483DF2589 /* Copy Pods Resources */,
				A16ED7DA90BEA605197D2448 /* Embed Pods Frameworks */,
			);
			buildRules = (
			);
			dependencies = (
			);
			name = GlyphHackPractice;
			productName = GlyphHackPractice;
			productReference = 42CDD0BC1A7CFC10001FFC1F /* GlyphHackPractice.app */;
			productType = "com.apple.product-type.application";
		};
		42CDD0D41A7CFC10001FFC1F /* GlyphHackPracticeTests */ = {
			isa = PBXNativeTarget;
			buildConfigurationList = 42CDD0E21A7CFC11001FFC1F /* Build configuration list for PBXNativeTarget "GlyphHackPracticeTests" */;
			buildPhases = (
				42CDD0D11A7CFC10001FFC1F /* Sources */,
				42CDD0D21A7CFC10001FFC1F /* Frameworks */,
				42CDD0D31A7CFC10001FFC1F /* Resources */,
			);
			buildRules = (
			);
			dependencies = (
				42CDD0D71A7CFC10001FFC1F /* PBXTargetDependency */,
			);
			name = GlyphHackPracticeTests;
			productName = GlyphHackPracticeTests;
			productReference = 42CDD0D51A7CFC10001FFC1F /* GlyphHackPracticeTests.xctest */;
			productType = "com.apple.product-type.bundle.unit-test";
		};
/* End PBXNativeTarget section */

/* Begin PBXProject section */
		42CDD0B41A7CFC10001FFC1F /* Project object */ = {
			isa = PBXProject;
			attributes = {
				LastSwiftMigration = 0710;
				LastSwiftUpdateCheck = 0710;
				LastUpgradeCheck = 0710;
				ORGANIZATIONNAME = "Hiraku Ohno";
				TargetAttributes = {
					42CDD0BB1A7CFC10001FFC1F = {
						CreatedOnToolsVersion = 6.1.1;
						DevelopmentTeam = 5M2EQKMGE5;
					};
					42CDD0D41A7CFC10001FFC1F = {
						CreatedOnToolsVersion = 6.1.1;
						DevelopmentTeam = 5M2EQKMGE5;
						TestTargetID = 42CDD0BB1A7CFC10001FFC1F;
					};
				};
			};
			buildConfigurationList = 42CDD0B71A7CFC10001FFC1F /* Build configuration list for PBXProject "GlyphHackPractice" */;
			compatibilityVersion = "Xcode 3.2";
			developmentRegion = English;
			hasScannedForEncodings = 0;
			knownRegions = (
				en,
				Base,
			);
			mainGroup = 42CDD0B31A7CFC10001FFC1F;
			productRefGroup = 42CDD0BD1A7CFC10001FFC1F /* Products */;
			projectDirPath = "";
			projectRoot = "";
			targets = (
				42CDD0BB1A7CFC10001FFC1F /* GlyphHackPractice */,
				42CDD0D41A7CFC10001FFC1F /* GlyphHackPracticeTests */,
			);
		};
/* End PBXProject section */

/* Begin PBXResourcesBuildPhase section */
		42CDD0BA1A7CFC10001FFC1F /* Resources */ = {
			isa = PBXResourcesBuildPhase;
			buildActionMask = 2147483647;
			files = (
				42CC4FE11B2B2EBA00C86C1F /* sequence_04.json in Resources */,
				426B31531AC65E23003AA565 /* spark.png in Resources */,
				426B31541AC65E23003AA565 /* GlyphParticle.sks in Resources */,
				42CC4FE01B2B2EBA00C86C1F /* sequence_03.json in Resources */,
				42CC4FDD1B2B2EBA00C86C1F /* items.json in Resources */,
				42CC4FC11B2342E500C86C1F /* SettingTableViewCell.xib in Resources */,
				42CDD0D01A7CFC10001FFC1F /* LaunchScreen.xib in Resources */,
				42CC4FE21B2B2EBA00C86C1F /* sequence_05.json in Resources */,
				42CC4FBF1B231AB300C86C1F /* SettingViewController.storyboard in Resources */,
				42CDD0CD1A7CFC10001FFC1F /* Images.xcassets in Resources */,
				4276E99C1ACAA68F00F3DFB2 /* DrawingParticle.sks in Resources */,
				42CC4FDE1B2B2EBA00C86C1F /* sequence_01.json in Resources */,
				42CDD0CB1A7CFC10001FFC1F /* Main.storyboard in Resources */,
				42CC4FDF1B2B2EBA00C86C1F /* sequence_02.json in Resources */,
				42CC4FC71B235B9700C86C1F /* LevelSelectView.xib in Resources */,
			);
			runOnlyForDeploymentPostprocessing = 0;
		};
		42CDD0D31A7CFC10001FFC1F /* Resources */ = {
			isa = PBXResourcesBuildPhase;
			buildActionMask = 2147483647;
			files = (
			);
			runOnlyForDeploymentPostprocessing = 0;
		};
/* End PBXResourcesBuildPhase section */

/* Begin PBXShellScriptBuildPhase section */
		3A86169A3DA22B6204836042 /* Check Pods Manifest.lock */ = {
			isa = PBXShellScriptBuildPhase;
			buildActionMask = 2147483647;
			files = (
			);
			inputPaths = (
			);
			name = "Check Pods Manifest.lock";
			outputPaths = (
			);
			runOnlyForDeploymentPostprocessing = 0;
			shellPath = /bin/sh;
			shellScript = "diff \"${PODS_ROOT}/../Podfile.lock\" \"${PODS_ROOT}/Manifest.lock\" > /dev/null\nif [[ $? != 0 ]] ; then\n    cat << EOM\nerror: The sandbox is not in sync with the Podfile.lock. Run 'pod install' or update your CocoaPods installation.\nEOM\n    exit 1\nfi\n";
			showEnvVarsInLog = 0;
		};
		42B6D5DD1AED4ADC0080DF43 /* ShellScript */ = {
			isa = PBXShellScriptBuildPhase;
			buildActionMask = 2147483647;
			files = (
			);
			inputPaths = (
			);
			outputPaths = (
			);
			runOnlyForDeploymentPostprocessing = 0;
			shellPath = /bin/sh;
			shellScript = "\"${PODS_ROOT}/Fabric/run\" f1f4eba500980a1370a8359bde42de3f84cec832 bed9e0c3399662f71f81a814b98604288e855a251035fd767d1f1e2157348d6d";
		};
		42CC4FC81B24326D00C86C1F /* Increment Build Number */ = {
			isa = PBXShellScriptBuildPhase;
			buildActionMask = 2147483647;
			files = (
			);
			inputPaths = (
			);
			name = "Increment Build Number";
			outputPaths = (
			);
			runOnlyForDeploymentPostprocessing = 0;
			shellPath = /bin/sh;
			shellScript = "#!/bin/bash\nif [ ${CONFIGURATION} != Debug ]; then\n    buildNumber=$(/usr/libexec/PlistBuddy -c \"Print CFBundleVersion\" \"$INFOPLIST_FILE\")\n    buildNumber=$(($buildNumber + 1))\n    /usr/libexec/PlistBuddy -c \"Set :CFBundleVersion $buildNumber\" \"$INFOPLIST_FILE\"\nfi";
		};
		A16ED7DA90BEA605197D2448 /* Embed Pods Frameworks */ = {
			isa = PBXShellScriptBuildPhase;
			buildActionMask = 2147483647;
			files = (
			);
			inputPaths = (
			);
			name = "Embed Pods Frameworks";
			outputPaths = (
			);
			runOnlyForDeploymentPostprocessing = 0;
			shellPath = /bin/sh;
			shellScript = "\"${SRCROOT}/Pods/Target Support Files/Pods/Pods-frameworks.sh\"\n";
			showEnvVarsInLog = 0;
		};
		E37158A8E9D6BF1483DF2589 /* Copy Pods Resources */ = {
			isa = PBXShellScriptBuildPhase;
			buildActionMask = 2147483647;
			files = (
			);
			inputPaths = (
			);
			name = "Copy Pods Resources";
			outputPaths = (
			);
			runOnlyForDeploymentPostprocessing = 0;
			shellPath = /bin/sh;
			shellScript = "\"${SRCROOT}/Pods/Target Support Files/Pods/Pods-resources.sh\"\n";
			showEnvVarsInLog = 0;
		};
/* End PBXShellScriptBuildPhase section */

/* Begin PBXSourcesBuildPhase section */
		42CDD0B81A7CFC10001FFC1F /* Sources */ = {
			isa = PBXSourcesBuildPhase;
			buildActionMask = 2147483647;
			files = (
				4276E99E1ACBA39300F3DFB2 /* ResultNode.swift in Sources */,
				423259EA1AC42437004726FF /* GlyphSequenceProvider.swift in Sources */,
				42CDD0E61A7CFEA0001FFC1F /* GlyphHackVertex.swift in Sources */,
				4276E9891AC79C6400F3DFB2 /* GlyphConfiguration.swift in Sources */,
				421D40211ACBF239001FDB41 /* GlyphScore.swift in Sources */,
				426F89F21ACD863A0085DA5B /* SelectableLabelNode.swift in Sources */,
				42CC4FC31B23447C00C86C1F /* SettingTableViewCell.swift in Sources */,
				421D40231ACBFF90001FDB41 /* GeneralLabelNode.swift in Sources */,
				426F89F41AD00AF80085DA5B /* ActionUtility.swift in Sources */,
				4276E9921AC803BB00F3DFB2 /* HomeScene.swift in Sources */,
				42F4FC191A99BA0100833C21 /* Glyph.swift in Sources */,
				4276E9901AC8035600F3DFB2 /* GlyphScene.swift in Sources */,
				426B31521AC65E23003AA565 /* GlyphViewController.swift in Sources */,
				42D559A31A9895D70091A490 /* Log.swift in Sources */,
				42165D121AA2F0EB001EC0F5 /* GlyphGenerator.swift in Sources */,
				42F6F0351B837390001E4CA1 /* GlyphFetcher.swift in Sources */,
				426B31581AC65EFA003AA565 /* RootNode.swift in Sources */,
				4276E9981AC959BD00F3DFB2 /* CountDownLabelNode.swift in Sources */,
				42CDD0C21A7CFC10001FFC1F /* AppDelegate.swift in Sources */,
				42CC4FBD1B231A9800C86C1F /* SettingViewController.swift in Sources */,
				42CC4FC51B235B7D00C86C1F /* LevelSelectView.swift in Sources */,
				425882581AC676A200219E0C /* NodeUtility.swift in Sources */,
				421D401F1ACBE921001FDB41 /* ScoreScene.swift in Sources */,
				4276E9941AC9571D00F3DFB2 /* ResultScene.swift in Sources */,
				426B31561AC65E39003AA565 /* GlyphView.swift in Sources */,
			);
			runOnlyForDeploymentPostprocessing = 0;
		};
		42CDD0D11A7CFC10001FFC1F /* Sources */ = {
			isa = PBXSourcesBuildPhase;
			buildActionMask = 2147483647;
			files = (
				426B31491AC5810D003AA565 /* GlyphSequenceProvider.swift in Sources */,
				423259E51AC3A4A3004726FF /* Glyph.swift in Sources */,
				423481241C25BF6E00692E59 /* GlyphFetcher.swift in Sources */,
				423259E81AC3E4CE004726FF /* Log.swift in Sources */,
				423259E71AC3A89F004726FF /* GlyphGenerator.swift in Sources */,
				42CDD0DC1A7CFC11001FFC1F /* GlyphHackPracticeTests.swift in Sources */,
			);
			runOnlyForDeploymentPostprocessing = 0;
		};
/* End PBXSourcesBuildPhase section */

/* Begin PBXTargetDependency section */
		42CDD0D71A7CFC10001FFC1F /* PBXTargetDependency */ = {
			isa = PBXTargetDependency;
			target = 42CDD0BB1A7CFC10001FFC1F /* GlyphHackPractice */;
			targetProxy = 42CDD0D61A7CFC10001FFC1F /* PBXContainerItemProxy */;
		};
/* End PBXTargetDependency section */

/* Begin PBXVariantGroup section */
		42CDD0C91A7CFC10001FFC1F /* Main.storyboard */ = {
			isa = PBXVariantGroup;
			children = (
				42CDD0CA1A7CFC10001FFC1F /* Base */,
			);
			name = Main.storyboard;
			sourceTree = "<group>";
		};
		42CDD0CE1A7CFC10001FFC1F /* LaunchScreen.xib */ = {
			isa = PBXVariantGroup;
			children = (
				42CDD0CF1A7CFC10001FFC1F /* Base */,
			);
			name = LaunchScreen.xib;
			sourceTree = "<group>";
		};
/* End PBXVariantGroup section */

/* Begin XCBuildConfiguration section */
		42CDD0DD1A7CFC11001FFC1F /* Debug */ = {
			isa = XCBuildConfiguration;
			buildSettings = {
				ALWAYS_SEARCH_USER_PATHS = NO;
				CLANG_CXX_LANGUAGE_STANDARD = "gnu++0x";
				CLANG_CXX_LIBRARY = "libc++";
				CLANG_ENABLE_MODULES = YES;
				CLANG_ENABLE_OBJC_ARC = YES;
				CLANG_WARN_BOOL_CONVERSION = YES;
				CLANG_WARN_CONSTANT_CONVERSION = YES;
				CLANG_WARN_DIRECT_OBJC_ISA_USAGE = YES_ERROR;
				CLANG_WARN_EMPTY_BODY = YES;
				CLANG_WARN_ENUM_CONVERSION = YES;
				CLANG_WARN_INT_CONVERSION = YES;
				CLANG_WARN_OBJC_ROOT_CLASS = YES_ERROR;
				CLANG_WARN_UNREACHABLE_CODE = YES;
				CLANG_WARN__DUPLICATE_METHOD_MATCH = YES;
				"CODE_SIGN_IDENTITY[sdk=iphoneos*]" = "iPhone Developer";
				COPY_PHASE_STRIP = NO;
				ENABLE_STRICT_OBJC_MSGSEND = YES;
				ENABLE_TESTABILITY = YES;
				GCC_C_LANGUAGE_STANDARD = gnu99;
				GCC_DYNAMIC_NO_PIC = NO;
				GCC_OPTIMIZATION_LEVEL = 0;
				GCC_PREPROCESSOR_DEFINITIONS = (
					"DEBUG=1",
					"$(inherited)",
				);
				GCC_SYMBOLS_PRIVATE_EXTERN = NO;
				GCC_WARN_64_TO_32_BIT_CONVERSION = YES;
				GCC_WARN_ABOUT_RETURN_TYPE = YES_ERROR;
				GCC_WARN_UNDECLARED_SELECTOR = YES;
				GCC_WARN_UNINITIALIZED_AUTOS = YES_AGGRESSIVE;
				GCC_WARN_UNUSED_FUNCTION = YES;
				GCC_WARN_UNUSED_VARIABLE = YES;
				IPHONEOS_DEPLOYMENT_TARGET = 8.0;
				MTL_ENABLE_DEBUG_INFO = YES;
				ONLY_ACTIVE_ARCH = YES;
				SDKROOT = iphoneos;
				SWIFT_OPTIMIZATION_LEVEL = "-Onone";
			};
			name = Debug;
		};
		42CDD0DE1A7CFC11001FFC1F /* Release */ = {
			isa = XCBuildConfiguration;
			buildSettings = {
				ALWAYS_SEARCH_USER_PATHS = NO;
				CLANG_CXX_LANGUAGE_STANDARD = "gnu++0x";
				CLANG_CXX_LIBRARY = "libc++";
				CLANG_ENABLE_MODULES = YES;
				CLANG_ENABLE_OBJC_ARC = YES;
				CLANG_WARN_BOOL_CONVERSION = YES;
				CLANG_WARN_CONSTANT_CONVERSION = YES;
				CLANG_WARN_DIRECT_OBJC_ISA_USAGE = YES_ERROR;
				CLANG_WARN_EMPTY_BODY = YES;
				CLANG_WARN_ENUM_CONVERSION = YES;
				CLANG_WARN_INT_CONVERSION = YES;
				CLANG_WARN_OBJC_ROOT_CLASS = YES_ERROR;
				CLANG_WARN_UNREACHABLE_CODE = YES;
				CLANG_WARN__DUPLICATE_METHOD_MATCH = YES;
				"CODE_SIGN_IDENTITY[sdk=iphoneos*]" = "iPhone Developer";
				COPY_PHASE_STRIP = YES;
				ENABLE_NS_ASSERTIONS = NO;
				ENABLE_STRICT_OBJC_MSGSEND = YES;
				GCC_C_LANGUAGE_STANDARD = gnu99;
				GCC_WARN_64_TO_32_BIT_CONVERSION = YES;
				GCC_WARN_ABOUT_RETURN_TYPE = YES_ERROR;
				GCC_WARN_UNDECLARED_SELECTOR = YES;
				GCC_WARN_UNINITIALIZED_AUTOS = YES_AGGRESSIVE;
				GCC_WARN_UNUSED_FUNCTION = YES;
				GCC_WARN_UNUSED_VARIABLE = YES;
				IPHONEOS_DEPLOYMENT_TARGET = 8.0;
				MTL_ENABLE_DEBUG_INFO = NO;
				SDKROOT = iphoneos;
				VALIDATE_PRODUCT = YES;
			};
			name = Release;
		};
		42CDD0E01A7CFC11001FFC1F /* Debug */ = {
			isa = XCBuildConfiguration;
			baseConfigurationReference = CAF973F08F2BD924C4DBF956 /* Pods.debug.xcconfig */;
			buildSettings = {
				ASSETCATALOG_COMPILER_APPICON_NAME = AppIcon;
				CODE_SIGN_IDENTITY = "iPhone Developer: Hiraku Ohno (CVMC67499R)";
				"CODE_SIGN_IDENTITY[sdk=iphoneos*]" = "iPhone Developer";
				FRAMEWORK_SEARCH_PATHS = (
					"$(inherited)",
					"$(PROJECT_DIR)",
				);
				INFOPLIST_FILE = GlyphHackPractice/Info.plist;
				IPHONEOS_DEPLOYMENT_TARGET = 8.0;
				LD_RUNPATH_SEARCH_PATHS = "$(inherited) @executable_path/Frameworks";
				OTHER_SWIFT_FLAGS = "-DDEBUG";
				PRODUCT_BUNDLE_IDENTIFIER = hira.glyphhack.practice;
				PRODUCT_NAME = "$(TARGET_NAME)";
				PROVISIONING_PROFILE = "";
				SWIFT_OBJC_BRIDGING_HEADER = "${SRCROOT}/GlyphHackPractice/GlyphHackPractice-Bridging-Header.h";
			};
			name = Debug;
		};
		42CDD0E11A7CFC11001FFC1F /* Release */ = {
			isa = XCBuildConfiguration;
			baseConfigurationReference = DD8A13EC9363B1DA0392931E /* Pods.release.xcconfig */;
			buildSettings = {
				ASSETCATALOG_COMPILER_APPICON_NAME = AppIcon;
				CODE_SIGN_IDENTITY = "iPhone Distribution: Hiraku Ohno (5M2EQKMGE5)";
				"CODE_SIGN_IDENTITY[sdk=iphoneos*]" = "iPhone Developer";
				FRAMEWORK_SEARCH_PATHS = (
					"$(inherited)",
					"$(PROJECT_DIR)",
				);
				INFOPLIST_FILE = GlyphHackPractice/Info.plist;
				IPHONEOS_DEPLOYMENT_TARGET = 8.0;
				LD_RUNPATH_SEARCH_PATHS = "$(inherited) @executable_path/Frameworks";
				PRODUCT_BUNDLE_IDENTIFIER = hira.glyphhack.practice;
				PRODUCT_NAME = "$(TARGET_NAME)";
				PROVISIONING_PROFILE = "";
				SWIFT_OBJC_BRIDGING_HEADER = "${SRCROOT}/GlyphHackPractice/GlyphHackPractice-Bridging-Header.h";
			};
			name = Release;
		};
		42CDD0E31A7CFC11001FFC1F /* Debug */ = {
			isa = XCBuildConfiguration;
			buildSettings = {
				BUNDLE_LOADER = "$(TEST_HOST)";
				CODE_SIGN_IDENTITY = "iPhone Developer";
				"CODE_SIGN_IDENTITY[sdk=iphoneos*]" = "iPhone Developer";
				FRAMEWORK_SEARCH_PATHS = (
					"$(SDKROOT)/Developer/Library/Frameworks",
					"$(inherited)",
				);
				GCC_GENERATE_TEST_COVERAGE_FILES = YES;
				GCC_INSTRUMENT_PROGRAM_FLOW_ARCS = YES;
				GCC_PREPROCESSOR_DEFINITIONS = (
					"DEBUG=1",
					"$(inherited)",
				);
				INFOPLIST_FILE = GlyphHackPracticeTests/Info.plist;
				LD_RUNPATH_SEARCH_PATHS = "$(inherited) @executable_path/Frameworks @loader_path/Frameworks";
				"OTHER_SWIFT_FLAGS[arch=*]" = "-DDEBUG";
				PRODUCT_BUNDLE_IDENTIFIER = "com.hira.$(PRODUCT_NAME:rfc1034identifier)";
				PRODUCT_NAME = "$(TARGET_NAME)";
				PROVISIONING_PROFILE = "";
				TEST_HOST = "$(BUILT_PRODUCTS_DIR)/GlyphHackPractice.app/GlyphHackPractice";
			};
			name = Debug;
		};
		42CDD0E41A7CFC11001FFC1F /* Release */ = {
			isa = XCBuildConfiguration;
			buildSettings = {
				BUNDLE_LOADER = "$(TEST_HOST)";
				CODE_SIGN_IDENTITY = "iPhone Developer";
				"CODE_SIGN_IDENTITY[sdk=iphoneos*]" = "iPhone Developer";
				FRAMEWORK_SEARCH_PATHS = (
					"$(SDKROOT)/Developer/Library/Frameworks",
					"$(inherited)",
				);
				GCC_GENERATE_TEST_COVERAGE_FILES = YES;
				GCC_INSTRUMENT_PROGRAM_FLOW_ARCS = YES;
				INFOPLIST_FILE = GlyphHackPracticeTests/Info.plist;
				LD_RUNPATH_SEARCH_PATHS = "$(inherited) @executable_path/Frameworks @loader_path/Frameworks";
				PRODUCT_BUNDLE_IDENTIFIER = "com.hira.$(PRODUCT_NAME:rfc1034identifier)";
				PRODUCT_NAME = "$(TARGET_NAME)";
				PROVISIONING_PROFILE = "";
				TEST_HOST = "$(BUILT_PRODUCTS_DIR)/GlyphHackPractice.app/GlyphHackPractice";
			};
			name = Release;
		};
/* End XCBuildConfiguration section */

/* Begin XCConfigurationList section */
		42CDD0B71A7CFC10001FFC1F /* Build configuration list for PBXProject "GlyphHackPractice" */ = {
			isa = XCConfigurationList;
			buildConfigurations = (
				42CDD0DD1A7CFC11001FFC1F /* Debug */,
				42CDD0DE1A7CFC11001FFC1F /* Release */,
			);
			defaultConfigurationIsVisible = 0;
			defaultConfigurationName = Release;
		};
		42CDD0DF1A7CFC11001FFC1F /* Build configuration list for PBXNativeTarget "GlyphHackPractice" */ = {
			isa = XCConfigurationList;
			buildConfigurations = (
				42CDD0E01A7CFC11001FFC1F /* Debug */,
				42CDD0E11A7CFC11001FFC1F /* Release */,
			);
			defaultConfigurationIsVisible = 0;
			defaultConfigurationName = Release;
		};
		42CDD0E21A7CFC11001FFC1F /* Build configuration list for PBXNativeTarget "GlyphHackPracticeTests" */ = {
			isa = XCConfigurationList;
			buildConfigurations = (
				42CDD0E31A7CFC11001FFC1F /* Debug */,
				42CDD0E41A7CFC11001FFC1F /* Release */,
			);
			defaultConfigurationIsVisible = 0;
			defaultConfigurationName = Release;
		};
/* End XCConfigurationList section */
	};
	rootObject = 42CDD0B41A7CFC10001FFC1F /* Project object */;
}
